
Microsoft Visual Studio Solution File, Format Version 12.00
# Visual Studio 15
VisualStudioVersion = 15.0.28307.329
MinimumVisualStudioVersion = 10.0.40219.1
Project("{8BC9CEB8-8B4A-11D0-8D11-00A0C91BC942}") = "Maze", "Maze\Maze.vcxproj", "{6C423E9D-06BF-4F82-BD2C-2C6ABBBC45F0}"
EndProject
Global
	GlobalSection(SolutionConfigurationPlatforms) = preSolution
		Debug|x64 = Debug|x64
		Debug|x86 = Debug|x86
		Release|x64 = Release|x64
		Release|x86 = Release|x86
	EndGlobalSection
	GlobalSection(ProjectConfigurationPlatforms) = postSolution
		{6C423E9D-06BF-4F82-BD2C-2C6ABBBC45F0}.Debug|x64.ActiveCfg = Debug|x64
		{6C423E9D-06BF-4F82-BD2C-2C6ABBBC45F0}.Debug|x64.Build.0 = Debug|x64
		{6C423E9D-06BF-4F82-BD2C-2C6ABBBC45F0}.Debug|x86.ActiveCfg = Debug|Win32
		{6C423E9D-06BF-4F82-BD2C-2C6ABBBC45F0}.Debug|x86.Build.0 = Debug|Win32
		{6C423E9D-06BF-4F82-BD2C-2C6ABBBC45F0}.Release|x64.ActiveCfg = Release|x64
		{6C423E9D-06BF-4F82-BD2C-2C6ABBBC45F0}.Release|x64.Build.0 = Release|x64
		{6C423E9D-06BF-4F82-BD2C-2C6ABBBC45F0}.Release|x86.ActiveCfg = Release|Win32
		{6C423E9D-06BF-4F82-BD2C-2C6ABBBC45F0}.Release|x86.Build.0 = Release|Win32
	EndGlobalSection
	GlobalSection(SolutionProperties) = preSolution
		HideSolutionNode = FALSE
	EndGlobalSection
	GlobalSection(ExtensibilityGlobals) = postSolution
		SolutionGuid = {0C9807FF-32D5-4F80-8119-78220D7B3D78}
	EndGlobalSection
EndGlobal
